# This file is automatically @generated by Poetry 1.5.1 and should not be changed by hand.

[[package]]
name = "stressed-cyrillic-tools"
version = "0.1.14"
description = ""
optional = false
python-versions = ">=3.6"
files = [
    {file = "stressed_cyrillic_tools-0.1.14-py3-none-any.whl", hash = "sha256:1154ff6655a7e90269bf2eca468a78a07ebf8c6ddb76a121302baef0b0d3cf48"},
    {file = "stressed_cyrillic_tools-0.1.14.tar.gz", hash = "sha256:c77037f55b6d52d63929f8b9ec28b44341f156d48af63a7d5fcf47154d961de4"},
]

[metadata]
lock-version = "2.0"
python-versions = ">=3.6"
content-hash = "91e844878004c0cd2bccd9e01c344cdef7ba79e75a9b00f494382eb16554092d"
